{
  "version": 4,
  "terraform_version": "1.1.7",
  "serial": 37,
  "lineage": "1702f68d-a941-6c55-05f7-ea6cdff67b49",
  "outputs": {
    "endpoint": {
      "value": "https://ABD2FB9D507A35D9A42C8844C2203480.gr7.us-east-2.eks.amazonaws.com",
      "type": "string"
    },
    "kubeconfig-certificate-authority-data": {
      "value": "LS0tLS1CRUdJTiBDRVJUSUZJQ0FURS0tLS0tCk1JSUM1ekNDQWMrZ0F3SUJBZ0lCQURBTkJna3Foa2lHOXcwQkFRc0ZBREFWTVJNd0VRWURWUVFERXdwcmRXSmwKY201bGRHVnpNQjRYRFRJeU1ETXpNREUzTWpJME5sb1hEVE15TURNeU56RTNNakkwTmxvd0ZURVRNQkVHQTFVRQpBeE1LYTNWaVpYSnVaWFJsY3pDQ0FTSXdEUVlKS29aSWh2Y05BUUVCQlFBRGdnRVBBRENDQVFvQ2dnRUJBT29iCnhUdGE3aUl2aFdTZDR0dFd6NHFIUXQ2TnZlS1ZKT0JXelhVMnZCY0V2anN5ZFhzcUhOOHdwMU1Ed0VqM1BadFUKRDR1UTE3bmU3N1ZsMWJTZ1lpOFV5RDBqRzgvSUxNeUtxZFpseUVPOENSaUdpZ2lKSlFuRm45Q1diT0ZhVUZQawpnMUxkZlpsNWZCZW9iY0VTaVMzNkNCWUpXSzVaS1lEc2x3aktEMU5hS1hTWkRmckdtMS9KR2pJaERwYURDUXlxCkN4cnpJT1ZHTThzNWlDc0w3b01WZ3JtMVNiQldzaS81U0FvaENDYXNpUWtmQ0NQZllQakg2SzJJNjNtWU9sa1UKTW0rdHlYM0E3eDNsRUpJa0s5czVNUkxtd3hTTXV1RlNyYStvR0Y3N3k3OXRhL1d3RDlhRlZtRWNBcGZSY1pBbwpmRTFmc1NCMmxFNE1CeDFSZU9zQ0F3RUFBYU5DTUVBd0RnWURWUjBQQVFIL0JBUURBZ0trTUE4R0ExVWRFd0VCCi93UUZNQU1CQWY4d0hRWURWUjBPQkJZRUZFY2RIZDhTQ0dZL0FJOWwzbFZYWldnNUtSNVdNQTBHQ1NxR1NJYjMKRFFFQkN3VUFBNElCQVFCbFRsUUNaenJURTZMV0RGSDk3aVRIK2Q4WU9FYXZxVnZMdGxqK1FaWDZVelkxN3FraAp6NGFUY2l1ekkwbjczTFNCUW9iemNmeWlvTERUTU5QTEE2ZmZaSkRsYVFWRmxPTEFwdXV1ZlpCa3BlejZFOG9rClVyOFpQU1N6R0pIVE45QVgvZVVRUDBIRkc1d1lraHJ5TG5ESlBjaEhmTDFPeWVKWXhkUjhRK3JUTDZNY3ZxV2UKVnJxZXk0d3k1YTBzcnR6ais4ektpWjFhUXFjQ05wd0dEaUZOM1lDTFJ5VWRiRDllSWtHcjk5V2xMb1BZR3UyTgpYcEs0cjdHOVBHczdoa2tjd2l6dFV6YmVzdDNsUWptREJQSmhpZmVnS1FQOU1EaFA4d3hpYVRMeXRGT29WNExKCmE5NHlNQURleTdDajRpbHh2eEUwQ21YZ3RUSGkra3dwWFM3UgotLS0tLUVORCBDRVJUSUZJQ0FURS0tLS0tCg==",
      "type": "string"
    }
  },
  "resources": [
    {
      "mode": "managed",
      "type": "aws_eks_cluster",
      "name": "demo1",
      "provider": "provider[\"registry.terraform.io/hashicorp/aws\"]",
      "instances": [
        {
          "schema_version": 0,
          "attributes": {
            "arn": "arn:aws:eks:us-east-2:019290991235:cluster/demo1",
            "certificate_authority": [
              {
                "data": "LS0tLS1CRUdJTiBDRVJUSUZJQ0FURS0tLS0tCk1JSUM1ekNDQWMrZ0F3SUJBZ0lCQURBTkJna3Foa2lHOXcwQkFRc0ZBREFWTVJNd0VRWURWUVFERXdwcmRXSmwKY201bGRHVnpNQjRYRFRJeU1ETXpNREUzTWpJME5sb1hEVE15TURNeU56RTNNakkwTmxvd0ZURVRNQkVHQTFVRQpBeE1LYTNWaVpYSnVaWFJsY3pDQ0FTSXdEUVlKS29aSWh2Y05BUUVCQlFBRGdnRVBBRENDQVFvQ2dnRUJBT29iCnhUdGE3aUl2aFdTZDR0dFd6NHFIUXQ2TnZlS1ZKT0JXelhVMnZCY0V2anN5ZFhzcUhOOHdwMU1Ed0VqM1BadFUKRDR1UTE3bmU3N1ZsMWJTZ1lpOFV5RDBqRzgvSUxNeUtxZFpseUVPOENSaUdpZ2lKSlFuRm45Q1diT0ZhVUZQawpnMUxkZlpsNWZCZW9iY0VTaVMzNkNCWUpXSzVaS1lEc2x3aktEMU5hS1hTWkRmckdtMS9KR2pJaERwYURDUXlxCkN4cnpJT1ZHTThzNWlDc0w3b01WZ3JtMVNiQldzaS81U0FvaENDYXNpUWtmQ0NQZllQakg2SzJJNjNtWU9sa1UKTW0rdHlYM0E3eDNsRUpJa0s5czVNUkxtd3hTTXV1RlNyYStvR0Y3N3k3OXRhL1d3RDlhRlZtRWNBcGZSY1pBbwpmRTFmc1NCMmxFNE1CeDFSZU9zQ0F3RUFBYU5DTUVBd0RnWURWUjBQQVFIL0JBUURBZ0trTUE4R0ExVWRFd0VCCi93UUZNQU1CQWY4d0hRWURWUjBPQkJZRUZFY2RIZDhTQ0dZL0FJOWwzbFZYWldnNUtSNVdNQTBHQ1NxR1NJYjMKRFFFQkN3VUFBNElCQVFCbFRsUUNaenJURTZMV0RGSDk3aVRIK2Q4WU9FYXZxVnZMdGxqK1FaWDZVelkxN3FraAp6NGFUY2l1ekkwbjczTFNCUW9iemNmeWlvTERUTU5QTEE2ZmZaSkRsYVFWRmxPTEFwdXV1ZlpCa3BlejZFOG9rClVyOFpQU1N6R0pIVE45QVgvZVVRUDBIRkc1d1lraHJ5TG5ESlBjaEhmTDFPeWVKWXhkUjhRK3JUTDZNY3ZxV2UKVnJxZXk0d3k1YTBzcnR6ais4ektpWjFhUXFjQ05wd0dEaUZOM1lDTFJ5VWRiRDllSWtHcjk5V2xMb1BZR3UyTgpYcEs0cjdHOVBHczdoa2tjd2l6dFV6YmVzdDNsUWptREJQSmhpZmVnS1FQOU1EaFA4d3hpYVRMeXRGT29WNExKCmE5NHlNQURleTdDajRpbHh2eEUwQ21YZ3RUSGkra3dwWFM3UgotLS0tLUVORCBDRVJUSUZJQ0FURS0tLS0tCg=="
              }
            ],
            "created_at": "2022-03-30 17:16:31.084 +0000 UTC",
            "enabled_cluster_log_types": null,
            "encryption_config": [],
            "endpoint": "https://ABD2FB9D507A35D9A42C8844C2203480.gr7.us-east-2.eks.amazonaws.com",
            "id": "demo1",
            "identity": [
              {
                "oidc": [
                  {
                    "issuer": "https://oidc.eks.us-east-2.amazonaws.com/id/ABD2FB9D507A35D9A42C8844C2203480"
                  }
                ]
              }
            ],
            "kubernetes_network_config": [
              {
                "ip_family": "ipv4",
                "service_ipv4_cidr": "172.20.0.0/16"
              }
            ],
            "name": "demo1",
            "platform_version": "eks.5",
            "role_arn": "arn:aws:iam::019290991235:role/eks-iam-tf-role",
            "status": "ACTIVE",
            "tags": null,
            "tags_all": {},
            "timeouts": null,
            "version": "1.21",
            "vpc_config": [
              {
                "cluster_security_group_id": "sg-0fb852c89e5c76f9e",
                "endpoint_private_access": false,
                "endpoint_public_access": true,
                "public_access_cidrs": [
                  "0.0.0.0/0"
                ],
                "security_group_ids": null,
                "subnet_ids": [
                  "subnet-007d477d3b2570bac",
                  "subnet-0e6dd691631b69487"
                ],
                "vpc_id": "vpc-061851131e19eb723"
              }
            ]
          },
          "sensitive_attributes": [],
          "private": "eyJlMmJmYjczMC1lY2FhLTExZTYtOGY4OC0zNDM2M2JjN2M0YzAiOnsiY3JlYXRlIjoxODAwMDAwMDAwMDAwLCJkZWxldGUiOjkwMDAwMDAwMDAwMCwidXBkYXRlIjozNjAwMDAwMDAwMDAwfX0=",
          "dependencies": [
            "aws_iam_role.eks-iam-tf-role",
            "aws_iam_role_policy_attachment.eks-iam-tf-role-AmazonEKSClusterPolicy",
            "aws_iam_role_policy_attachment.eks-iam-tf-role-AmazonEKSVPCResourceController"
          ]
        }
      ]
    },
    {
      "mode": "managed",
      "type": "aws_eks_fargate_profile",
      "name": "example",
      "provider": "provider[\"registry.terraform.io/hashicorp/aws\"]",
      "instances": [
        {
          "schema_version": 0,
          "attributes": {
            "arn": "arn:aws:eks:us-east-2:019290991235:fargateprofile/demo1/default/76bfedee-98d9-4a64-e084-dc3062ec8516",
            "cluster_name": "demo1",
            "fargate_profile_name": "default",
            "id": "demo1:default",
            "pod_execution_role_arn": "arn:aws:iam::019290991235:role/eks-fargate-iam-tf-role",
            "selector": [
              {
                "labels": null,
                "namespace": "default"
              }
            ],
            "status": "ACTIVE",
            "subnet_ids": [
              "subnet-007d477d3b2570bac",
              "subnet-0e6dd691631b69487"
            ],
            "tags": null,
            "tags_all": {},
            "timeouts": null
          },
          "sensitive_attributes": [],
          "private": "eyJlMmJmYjczMC1lY2FhLTExZTYtOGY4OC0zNDM2M2JjN2M0YzAiOnsiY3JlYXRlIjo2MDAwMDAwMDAwMDAsImRlbGV0ZSI6NjAwMDAwMDAwMDAwfX0=",
          "dependencies": [
            "aws_eks_cluster.demo1",
            "aws_iam_role.eks-fg-iam-tf-role",
            "aws_iam_role.eks-iam-tf-role",
            "aws_iam_role_policy_attachment.eks-iam-tf-role-AmazonEKSClusterPolicy",
            "aws_iam_role_policy_attachment.eks-iam-tf-role-AmazonEKSVPCResourceController"
          ]
        }
      ]
    },
    {
      "mode": "managed",
      "type": "aws_iam_role",
      "name": "eks-fg-iam-tf-role",
      "provider": "provider[\"registry.terraform.io/hashicorp/aws\"]",
      "instances": [
        {
          "schema_version": 0,
          "attributes": {
            "arn": "arn:aws:iam::019290991235:role/eks-fargate-iam-tf-role",
            "assume_role_policy": "{\"Version\":\"2012-10-17\",\"Statement\":[{\"Effect\":\"Allow\",\"Principal\":{\"Service\":\"eks-fargate-pods.amazonaws.com\"},\"Action\":\"sts:AssumeRole\"}]}",
            "create_date": "2022-03-30T17:16:27Z",
            "description": "",
            "force_detach_policies": false,
            "id": "eks-fargate-iam-tf-role",
            "inline_policy": [
              {
                "name": "",
                "policy": ""
              }
            ],
            "managed_policy_arns": [],
            "max_session_duration": 3600,
            "name": "eks-fargate-iam-tf-role",
            "name_prefix": "",
            "path": "/",
            "permissions_boundary": null,
            "tags": null,
            "tags_all": {},
            "unique_id": "AROAQI7OVFKBYWJH6AJA6"
          },
          "sensitive_attributes": [],
          "private": "bnVsbA=="
        }
      ]
    },
    {
      "mode": "managed",
      "type": "aws_iam_role",
      "name": "eks-iam-tf-role",
      "provider": "provider[\"registry.terraform.io/hashicorp/aws\"]",
      "instances": [
        {
          "schema_version": 0,
          "attributes": {
            "arn": "arn:aws:iam::019290991235:role/eks-iam-tf-role",
            "assume_role_policy": "{\"Version\":\"2012-10-17\",\"Statement\":[{\"Effect\":\"Allow\",\"Principal\":{\"Service\":\"eks.amazonaws.com\"},\"Action\":\"sts:AssumeRole\"}]}",
            "create_date": "2022-03-30T17:16:27Z",
            "description": "",
            "force_detach_policies": false,
            "id": "eks-iam-tf-role",
            "inline_policy": [
              {
                "name": "",
                "policy": ""
              }
            ],
            "managed_policy_arns": [],
            "max_session_duration": 3600,
            "name": "eks-iam-tf-role",
            "name_prefix": "",
            "path": "/",
            "permissions_boundary": null,
            "tags": null,
            "tags_all": {},
            "unique_id": "AROAQI7OVFKB25MIXT6YY"
          },
          "sensitive_attributes": [],
          "private": "bnVsbA=="
        }
      ]
    },
    {
      "mode": "managed",
      "type": "aws_iam_role_policy_attachment",
      "name": "eks-fg-AmazonEKSFargatePodExecutionRolePolicy",
      "provider": "provider[\"registry.terraform.io/hashicorp/aws\"]",
      "instances": [
        {
          "schema_version": 0,
          "attributes": {
            "id": "eks-fargate-iam-tf-role-20220330171628969600000002",
            "policy_arn": "arn:aws:iam::aws:policy/AmazonEKSFargatePodExecutionRolePolicy",
            "role": "eks-fargate-iam-tf-role"
          },
          "sensitive_attributes": [],
          "private": "bnVsbA==",
          "dependencies": [
            "aws_iam_role.eks-fg-iam-tf-role"
          ]
        }
      ]
    },
    {
      "mode": "managed",
      "type": "aws_iam_role_policy_attachment",
      "name": "eks-iam-tf-role-AmazonEKSClusterPolicy",
      "provider": "provider[\"registry.terraform.io/hashicorp/aws\"]",
      "instances": [
        {
          "schema_version": 0,
          "attributes": {
            "id": "eks-iam-tf-role-20220330171628962300000001",
            "policy_arn": "arn:aws:iam::aws:policy/AmazonEKSClusterPolicy",
            "role": "eks-iam-tf-role"
          },
          "sensitive_attributes": [],
          "private": "bnVsbA==",
          "dependencies": [
            "aws_iam_role.eks-iam-tf-role"
          ]
        }
      ]
    },
    {
      "mode": "managed",
      "type": "aws_iam_role_policy_attachment",
      "name": "eks-iam-tf-role-AmazonEKSVPCResourceController",
      "provider": "provider[\"registry.terraform.io/hashicorp/aws\"]",
      "instances": [
        {
          "schema_version": 0,
          "attributes": {
            "id": "eks-iam-tf-role-20220330171629159200000003",
            "policy_arn": "arn:aws:iam::aws:policy/AmazonEKSVPCResourceController",
            "role": "eks-iam-tf-role"
          },
          "sensitive_attributes": [],
          "private": "bnVsbA==",
          "dependencies": [
            "aws_iam_role.eks-iam-tf-role"
          ]
        }
      ]
    }
  ]
}
